
Microsoft Visual Studio Solution File, Format Version 12.00
Project("{F2A71F9B-5D33-465A-A702-920D77279786}") = "HnkParserGenerator", "HnkParserGenerator\HnkParserGenerator.fsproj", "{AF55E61A-3E9C-46D2-8039-DAEBCEA2E198}"
EndProject
Global
	GlobalSection(SolutionConfigurationPlatforms) = preSolution
		Debug|Any CPU = Debug|Any CPU
		Release|Any CPU = Release|Any CPU
	EndGlobalSection
	GlobalSection(ProjectConfigurationPlatforms) = postSolution
		{AF55E61A-3E9C-46D2-8039-DAEBCEA2E198}.Debug|Any CPU.ActiveCfg = Debug|Any CPU
		{AF55E61A-3E9C-46D2-8039-DAEBCEA2E198}.Debug|Any CPU.Build.0 = Debug|Any CPU
		{AF55E61A-3E9C-46D2-8039-DAEBCEA2E198}.Release|Any CPU.ActiveCfg = Release|Any CPU
		{AF55E61A-3E9C-46D2-8039-DAEBCEA2E198}.Release|Any CPU.Build.0 = Release|Any CPU
	EndGlobalSection
EndGlobal
